github.com/borerer/nlib-go v0.0.0-20220819050047-530fad699c4b h1:/SSRkPSszZ2u+VgFTXfDhVTnjTKvvcWMEKkJKmDc6Wo=
github.com/borerer/nlib-go v0.0.0-20220819050047-530fad699c4b/go.mod h1:q+Cgu7vUkuBs0tglOeTuXQ0Jl+hAcQpC2vxvxh7cBEg=
github.com/borerer/nlib-go v0.0.0-20230105173012-19a8e6ddfc4a h1:hfvjqjS3O+rR1TokR4In2yLh0zy2shZoS9x6nGQ6DFg=
github.com/borerer/nlib-go v0.0.0-20230105173012-19a8e6ddfc4a/go.mod h1:wqmJX+wqtouzOT0Rmhvi24vVZchXeIYeOZSzoCuj6SY=
github.com/borerer/nlib-go v0.0.0-20230301113021-85ca4a070ee6 h1:wJG0OAWks6nso6B5I9Ihf30oB2uGISFQbIXdWSKDC4M=
github.com/borerer/nlib-go v0.0.0-20230301113021-85ca4a070ee6/go.mod h1:wqmJX+wqtouzOT0Rmhvi24vVZchXeIYeOZSzoCuj6SY=
github.com/borerer/nlib-go v0.0.0-20230301134408-da18c7e087a5 h1:FBWoJ8OxuG0gUv0P4mc7/omZACKNeWmzqTZvF84/Qd4=
github.com/borerer/nlib-go v0.0.0-20230301134408-da18c7e087a5/go.mod h1:wqmJX+wqtouzOT0Rmhvi24vVZchXeIYeOZSzoCuj6SY=
github.com/borerer/nlib-shared/go v0.0.0-20230104135517-93c1b787066e h1:mGS3ZTKZceHkTHCCOO+hP5XUJ8QdjxjVX9eMHYCtBmI=
github.com/borerer/nlib-shared/go v0.0.0-20230104135517-93c1b787066e/go.mod h1:Tiz/Dc3ncB5B3Xfan/VvgOSBUMfpJGMpDfA2z7IxcnY=
github.com/davecgh/go-spew v1.1.0/go.mod h1:J7Y8YcW2NihsgmVo/mv3lAwl/skON4iLHjSsI+c5H38=
github.com/davecgh/go-spew v1.1.1/go.mod h1:J7Y8YcW2NihsgmVo/mv3lAwl/skON4iLHjSsI+c5H38=
github.com/google/uuid v1.3.0 h1:t6JiXgmwXMjEs8VusXIJk2BXHsn+wx8BZdTaoZ5fu7I=
github.com/google/uuid v1.3.0/go.mod h1:TIyPZe4MgqvfeYDBFedMoGGpEw/LqOeaOT+nhxU+yHo=
github.com/gorilla/websocket v1.5.0 h1:PPwGk2jz7EePpoHN/+ClbZu8SPxiqlu12wZP/3sWmnc=
github.com/gorilla/websocket v1.5.0/go.mod h1:YR8l580nyteQvAITg2hZ9XVh4b55+EU/adAjf1fMHhE=
github.com/mitchellh/mapstructure v1.5.0 h1:jeMsZIYE/09sWLaz43PL7Gy6RuMjD2eJVyuac5Z2hdY=
github.com/mitchellh/mapstructure v1.5.0/go.mod h1:bFUtVrKA4DC2yAKiSyO/QUcy7e+RRV2QTWOzhPopBRo=
github.com/pmezard/go-difflib v1.0.0/go.mod h1:iKH77koFhYxTK1pcRnkKkqfTogsbg7gZNVY4sRDYZ/4=
github.com/stretchr/objx v0.1.0/go.mod h1:HFkY916IF+rwdDfMAkV7OtwuqBVzrE8GR6GFx+wExME=
github.com/stretchr/testify v1.3.0/go.mod h1:M5WIy9Dh21IEIfnGCwXGc5bZfKNJtfHm1UVUgZn+9EI=
go.uber.org/atomic v1.7.0 h1:ADUqmZGgLDDfbSL9ZmPxKTybcoEYHgpYfELNoN+7hsw=
go.uber.org/atomic v1.7.0/go.mod h1:fEN4uk6kAWBTFdckzkM89CLk9XfWZrxpCo0nPH17wJc=
go.uber.org/multierr v1.6.0 h1:y6IPFStTAIT5Ytl7/XYmHvzXQ7S3g/IeZW9hyZ5thw4=
go.uber.org/multierr v1.6.0/go.mod h1:cdWPpRnG4AhwMwsgIHip0KRBQjJy5kYEpYjJxpXp9iU=
go.uber.org/zap v1.24.0 h1:FiJd5l1UOLj0wCgbSE0rwwXHzEdAZS6hiiSnxJN/D60=
go.uber.org/zap v1.24.0/go.mod h1:2kMP+WWQ8aoFoedH3T2sq6iJ2yDWpHbP0f6MQbS9Gkg=
